
Microsoft Visual Studio Solution File, Format Version 12.00
# Visual Studio Version 17
VisualStudioVersion = 17.9.34723.18
MinimumVisualStudioVersion = 10.0.40219.1
Project("{9A19103F-16F7-4668-BE54-9A1E7A4F7556}") = "FluentValidation", "FluentValidation\FluentValidation.csproj", "{6135AC83-CC2D-4C9E-BF03-60929D1C47AE}"
EndProject
Project("{FAE04EC0-301F-11D3-BF4B-00C04F79EFBC}") = "FluentValidation.Tests", "FluentValidation.Tests\FluentValidation.Tests.csproj", "{0E114316-42B7-41B8-ABD1-59342E6C423B}"
EndProject
Project("{FAE04EC0-301F-11D3-BF4B-00C04F79EFBC}") = "FluentValidation.Generators", "FluentValidation.Generators\FluentValidation.Generators.csproj", "{D27A67C8-7BA3-4E90-B859-C4D902A327C2}"
EndProject
Global
	GlobalSection(SolutionConfigurationPlatforms) = preSolution
		Debug|Any CPU = Debug|Any CPU
		Release|Any CPU = Release|Any CPU
	EndGlobalSection
	GlobalSection(ProjectConfigurationPlatforms) = postSolution
		{6135AC83-CC2D-4C9E-BF03-60929D1C47AE}.Debug|Any CPU.ActiveCfg = Debug|Any CPU
		{6135AC83-CC2D-4C9E-BF03-60929D1C47AE}.Debug|Any CPU.Build.0 = Debug|Any CPU
		{6135AC83-CC2D-4C9E-BF03-60929D1C47AE}.Release|Any CPU.ActiveCfg = Release|Any CPU
		{6135AC83-CC2D-4C9E-BF03-60929D1C47AE}.Release|Any CPU.Build.0 = Release|Any CPU
		{0E114316-42B7-41B8-ABD1-59342E6C423B}.Debug|Any CPU.ActiveCfg = Debug|Any CPU
		{0E114316-42B7-41B8-ABD1-59342E6C423B}.Debug|Any CPU.Build.0 = Debug|Any CPU
		{0E114316-42B7-41B8-ABD1-59342E6C423B}.Release|Any CPU.ActiveCfg = Release|Any CPU
		{0E114316-42B7-41B8-ABD1-59342E6C423B}.Release|Any CPU.Build.0 = Release|Any CPU
		{D27A67C8-7BA3-4E90-B859-C4D902A327C2}.Debug|Any CPU.ActiveCfg = Debug|Any CPU
		{D27A67C8-7BA3-4E90-B859-C4D902A327C2}.Debug|Any CPU.Build.0 = Debug|Any CPU
		{D27A67C8-7BA3-4E90-B859-C4D902A327C2}.Release|Any CPU.ActiveCfg = Release|Any CPU
		{D27A67C8-7BA3-4E90-B859-C4D902A327C2}.Release|Any CPU.Build.0 = Release|Any CPU
	EndGlobalSection
	GlobalSection(SolutionProperties) = preSolution
		HideSolutionNode = FALSE
	EndGlobalSection
	GlobalSection(ExtensibilityGlobals) = postSolution
		SolutionGuid = {A3202D22-92EF-4EDD-BEDA-3642C630FEE3}
	EndGlobalSection
EndGlobal
